github.com/aws/aws-lambda-go v1.47.0 h1:0H8s0vumYx/YKs4sE7YM0ktwL2eWse+kfopsRI1sXVI=
github.com/aws/aws-lambda-go v1.47.0/go.mod h1:dpMpZgvWx5vuQJfBt0zqBha60q7Dd7RfgJv23DymV8A=
github.com/aws/aws-sdk-go-v2 v1.36.3 h1:mJoei2CxPutQVxaATCzDUjcZEjVRdpsiiXi2o38yqWM=
github.com/aws/aws-sdk-go-v2 v1.36.3/go.mod h1:LLXuLpgzEbD766Z5ECcRmi8AzSwfZItDtmABVkRLGzg=
github.com/aws/aws-sdk-go-v2/config v1.29.13 h1:RgdPqWoE8nPpIekpVpDJsBckbqT4Liiaq9f35pbTh1Y=
github.com/aws/aws-sdk-go-v2/config v1.29.13/go.mod h1:NI28qs/IOUIRhsR7GQ/JdexoqRN9tDxkIrYZq0SOF44=
github.com/aws/aws-sdk-go-v2/credentials v1.17.66 h1:aKpEKaTy6n4CEJeYI1MNj97oSDLi4xro3UzQfwf5RWE=
github.com/aws/aws-sdk-go-v2/credentials v1.17.66/go.mod h1:xQ5SusDmHb/fy55wU0QqTy0yNfLqxzec59YcsRZB+rI=
github.com/aws/aws-sdk-go-v2/feature/dynamodb/attributevalue v1.18.5 h1:3QhGiWUMeyuAPT4RjIwNEQUu+wOmPLLOz8IpgiiKWM4=
github.com/aws/aws-sdk-go-v2/feature/dynamodb/attributevalue v1.18.5/go.mod h1:J+3D/6T2wbhBJkv7BevC/8QV3GSHYrTKK30EWqWtJkU=
github.com/aws/aws-sdk-go-v2/feature/dynamodb/expression v1.7.71 h1:AKydE3KqyQB49TGDrYyyOAX7OmtR3M1EsV6MVR0iYFM=
github.com/aws/aws-sdk-go-v2/feature/dynamodb/expression v1.7.71/go.mod h1:8suM50J0OAZJS7+/aoIOl8YAheg0Ksi0z8HFUK7+A78=
github.com/aws/aws-sdk-go-v2/feature/ec2/imds v1.16.30 h1:x793wxmUWVDhshP8WW2mlnXuFrO4cOd3HLBroh1paFw=
github.com/aws/aws-sdk-go-v2/feature/ec2/imds v1.16.30/go.mod h1:Jpne2tDnYiFascUEs2AWHJL9Yp7A5ZVy3TNyxaAjD6M=
github.com/aws/aws-sdk-go-v2/internal/configsources v1.3.34 h1:ZK5jHhnrioRkUNOc+hOgQKlUL5JeC3S6JgLxtQ+Rm0Q=
github.com/aws/aws-sdk-go-v2/internal/configsources v1.3.34/go.mod h1:p4VfIceZokChbA9FzMbRGz5OV+lekcVtHlPKEO0gSZY=
github.com/aws/aws-sdk-go-v2/internal/endpoints/v2 v2.6.34 h1:SZwFm17ZUNNg5Np0ioo/gq8Mn6u9w19Mri8DnJ15Jf0=
github.com/aws/aws-sdk-go-v2/internal/endpoints/v2 v2.6.34/go.mod h1:dFZsC0BLo346mvKQLWmoJxT+Sjp+qcVR1tRVHQGOH9Q=
github.com/aws/aws-sdk-go-v2/internal/ini v1.8.3 h1:bIqFDwgGXXN1Kpp99pDOdKMTTb5d2KyU5X/BZxjOkRo=
github.com/aws/aws-sdk-go-v2/internal/ini v1.8.3/go.mod h1:H5O/EsxDWyU+LP/V8i5sm8cxoZgc2fdNR9bxlOFrQTo=
github.com/aws/aws-sdk-go-v2/service/cognitoidentityprovider v1.51.4 h1:SdQnc11mBOCOqUu3O7de4HI5o1+vc6BCugWWKyYhAHY=
github.com/aws/aws-sdk-go-v2/service/cognitoidentityprovider v1.51.4/go.mod h1:ygltZT++6Wn2uG4+tqE0NW1MkdEtb5W2O/CFc0xJX/g=
github.com/aws/aws-sdk-go-v2/service/dynamodb v1.40.2 h1:lT4US8VW4CAsCzJy0JpH/vPuJD9nG/73ioLHDlKQDU8=
github.com/aws/aws-sdk-go-v2/service/dynamodb v1.40.2/go.mod h1:QwexjOlSUV85+ct6LohHmsaFTiW2j1s+9SQZNVjhAV0=
github.com/aws/aws-sdk-go-v2/service/dynamodbstreams v1.24.21 h1:6uTJJuQouHbWupYOhgCY3v6xZP1VbJlHQsiFqwVdebY=
github.com/aws/aws-sdk-go-v2/service/dynamodbstreams v1.24.21/go.mod h1:isd8r8zEUafc7PBf+Z2QwCgbku0xYL0/ea8EI9u1AGo=
github.com/aws/aws-sdk-go-v2/service/internal/accept-encoding v1.12.3 h1:eAh2A4b5IzM/lum78bZ590jy36+d/aFLgKF/4Vd1xPE=
github.com/aws/aws-sdk-go-v2/service/internal/accept-encoding v1.12.3/go.mod h1:0yKJC/kb8sAnmlYa6Zs3QVYqaC8ug2AbnNChv5Ox3uA=
github.com/aws/aws-sdk-go-v2/service/internal/endpoint-discovery v1.10.14 h1:a4cztfjtvD/DDPxWzRnMskxeEVgEXUYAFHBFz+eVjIc=
github.com/aws/aws-sdk-go-v2/service/internal/endpoint-discovery v1.10.14/go.mod h1:4Z0HHlXIU+k510CCfnTtgUon5MMymnSAOp9i0/nLfpA=
github.com/aws/aws-sdk-go-v2/service/internal/presigned-url v1.12.15 h1:dM9/92u2F1JbDaGooxTq18wmmFzbJRfXfVfy96/1CXM=
github.com/aws/aws-sdk-go-v2/service/internal/presigned-url v1.12.15/go.mod h1:SwFBy2vjtA0vZbjjaFtfN045boopadnoVPhu4Fv66vY=
github.com/aws/aws-sdk-go-v2/service/sso v1.25.3 h1:1Gw+9ajCV1jogloEv1RRnvfRFia2cL6c9cuKV2Ps+G8=
github.com/aws/aws-sdk-go-v2/service/sso v1.25.3/go.mod h1:qs4a9T5EMLl/Cajiw2TcbNt2UNo/Hqlyp+GiuG4CFDI=
github.com/aws/aws-sdk-go-v2/service/ssooidc v1.30.1 h1:hXmVKytPfTy5axZ+fYbR5d0cFmC3JvwLm5kM83luako=
github.com/aws/aws-sdk-go-v2/service/ssooidc v1.30.1/go.mod h1:MlYRNmYu/fGPoxBQVvBYr9nyr948aY/WLUvwBMBJubs=
github.com/aws/aws-sdk-go-v2/service/sts v1.33.18 h1:xz7WvTMfSStb9Y8NpCT82FXLNC3QasqBfuAFHY4Pk5g=
github.com/aws/aws-sdk-go-v2/service/sts v1.33.18/go.mod h1:cQnB8CUnxbMU82JvlqjKR2HBOm3fe9pWorWBza6MBJ4=
github.com/aws/smithy-go v1.22.2 h1:6D9hW43xKFrRx/tXXfAlIZc4JI+yQe6snnWcQyxSyLQ=
github.com/aws/smithy-go v1.22.2/go.mod h1:irrKGvNn1InZwb2d7fkIRNucdfwR8R+Ts3wxYa/cJHg=
github.com/davecgh/go-spew v1.1.1 h1:vj9j/u1bqnvCEfJOwUhtlOARqs3+rkHYY13jYWTU97c=
github.com/davecgh/go-spew v1.1.1/go.mod h1:J7Y8YcW2NihsgmVo/mv3lAwl/skON4iLHjSsI+c5H38=
github.com/golang-jwt/jwt/v5 v5.2.2 h1:Rl4B7itRWVtYIHFrSNd7vhTiz9UpLdi6gZhZ3wEeDy8=
github.com/golang-jwt/jwt/v5 v5.2.2/go.mod h1:pqrtFR0X4osieyHYxtmOUWsAWrfe1Q5UVIyoH402zdk=
github.com/mauri-codes/go-modules/aws/dynamo v0.0.0-20250404034153-35d69e139535 h1:bXOqqzPbl/ASIuPmTn9AC8H/YvUTJLp4bEl3bpJYRDg=
github.com/mauri-codes/go-modules/aws/dynamo v0.0.0-20250404034153-35d69e139535/go.mod h1:ktlbsWB0G79NBlIdg52SJ/mLTxVFd9otZQzoy7CNrXw=
github.com/mauri-codes/go-modules/utils v0.0.0-20250406073500-40d4b9cb67de h1:pKoAEKpVu260OokzqVKLna4sPDq8kfUneIaQdKx/TY0=
github.com/mauri-codes/go-modules/utils v0.0.0-20250406073500-40d4b9cb67de/go.mod h1:8n5iqOtxFOWZIDCkvayhcyUZPtB7SQBzF2hkn7izdPA=
github.com/mauri-codes/go-modules/utils v0.0.0-20250407063306-356ea78703d1 h1:MnPRoYKMF0Vg4tVbUdsOZqOKIOvESQXX4pZ+5xNzsWw=
github.com/mauri-codes/go-modules/utils v0.0.0-20250407063306-356ea78703d1/go.mod h1:8n5iqOtxFOWZIDCkvayhcyUZPtB7SQBzF2hkn7izdPA=
github.com/mauri-codes/go-modules/utils v0.0.0-20250407063948-6e5d35f64727 h1:wzTgMZloRaqelmkkQmkLlnT0RnAIwasYxvuoC3eftmI=
github.com/mauri-codes/go-modules/utils v0.0.0-20250407063948-6e5d35f64727/go.mod h1:8n5iqOtxFOWZIDCkvayhcyUZPtB7SQBzF2hkn7izdPA=
github.com/pmezard/go-difflib v1.0.0 h1:4DBwDE0NGyQoBHbLQYPwSUPoCMWR5BEzIk/f1lZbAQM=
github.com/pmezard/go-difflib v1.0.0/go.mod h1:iKH77koFhYxTK1pcRnkKkqfTogsbg7gZNVY4sRDYZ/4=
github.com/stretchr/testify v1.7.2 h1:4jaiDzPyXQvSd7D0EjG45355tLlV3VOECpq10pLC+8s=
github.com/stretchr/testify v1.7.2/go.mod h1:R6va5+xMeoiuVRoj+gSkQ7d3FALtqAAGI1FQKckRals=
gopkg.in/yaml.v3 v3.0.1 h1:fxVm/GzAzEWqLHuvctI91KS9hhNmmWOoWu0XTYJS7CA=
gopkg.in/yaml.v3 v3.0.1/go.mod h1:K4uyk7z7BCEPqu6E+C64Yfv1cQ7kz7rIZviUmN+EgEM=
